// !$*UTF8*$!
{
	archiveVersion = 1;
	classes = {
	};
	objectVersion = 77;
	objects = {

/* Begin PBXContainerItemProxy section */
		BF4FD2382DE12E2B001FE17B /* PBXContainerItemProxy */ = {
			isa = PBXContainerItemProxy;
			containerPortal = BF4FD2202DE12E28001FE17B /* Project object */;
			proxyType = 1;
			remoteGlobalIDString = BF4FD2272DE12E28001FE17B;
			remoteInfo = WEDERReminder;
		};
		BF4FD2422DE12E2B001FE17B /* PBXContainerItemProxy */ = {
			isa = PBXContainerItemProxy;
			containerPortal = BF4FD2202DE12E28001FE17B /* Project object */;
			proxyType = 1;
			remoteGlobalIDString = BF4FD2272DE12E28001FE17B;
			remoteInfo = WEDERReminder;
		};
/* End PBXContainerItemProxy section */

/* Begin PBXFileReference section */
		BF4FD2282DE12E28001FE17B /* WEDERReminder.app */ = {isa = PBXFileReference; explicitFileType = wrapper.application; includeInIndex = 0; path = WEDERReminder.app; sourceTree = BUILT_PRODUCTS_DIR; };
		BF4FD2372DE12E2B001FE17B /* WEDERReminderTests.xctest */ = {isa = PBXFileReference; explicitFileType = wrapper.cfbundle; includeInIndex = 0; path = WEDERReminderTests.xctest; sourceTree = BUILT_PRODUCTS_DIR; };
		BF4FD2412DE12E2B001FE17B /* WEDERReminderUITests.xctest */ = {isa = PBXFileReference; explicitFileType = wrapper.cfbundle; includeInIndex = 0; path = WEDERReminderUITests.xctest; sourceTree = BUILT_PRODUCTS_DIR; };
/* End PBXFileReference section */

/* Begin PBXFileSystemSynchronizedRootGroup section */
		BF4FD22A2DE12E28001FE17B /* WEDERReminder */ = {
			isa = PBXFileSystemSynchronizedRootGroup;
			path = WEDERReminder;
			sourceTree = "<group>";
		};
		BF4FD23A2DE12E2B001FE17B /* WEDERReminderTests */ = {
			isa = PBXFileSystemSynchronizedRootGroup;
			path = WEDERReminderTests;
			sourceTree = "<group>";
		};
		BF4FD2442DE12E2B001FE17B /* WEDERReminderUITests */ = {
			isa = PBXFileSystemSynchronizedRootGroup;
			path = WEDERReminderUITests;
			sourceTree = "<group>";
		};
/* End PBXFileSystemSynchronizedRootGroup section */

/* Begin PBXFrameworksBuildPhase section */
		BF4FD2252DE12E28001FE17B /* Frameworks */ = {
			isa = PBXFrameworksBuildPhase;
			buildActionMask = 2147483647;
			files = (
			);
			runOnlyForDeploymentPostprocessing = 0;
		};
		BF4FD2342DE12E2B001FE17B /* Frameworks */ = {
			isa = PBXFrameworksBuildPhase;
			buildActionMask = 2147483647;
			files = (
			);
			runOnlyForDeploymentPostprocessing = 0;
		};
		BF4FD23E2DE12E2B001FE17B /* Frameworks */ = {
			isa = PBXFrameworksBuildPhase;
			buildActionMask = 2147483647;
			files = (
			);
			runOnlyForDeploymentPostprocessing = 0;
		};
/* End PBXFrameworksBuildPhase section */

/* Begin PBXGroup section */
		BF4FD21F2DE12E28001FE17B = {
			isa = PBXGroup;
			children = (
				BF4FD22A2DE12E28001FE17B /* WEDERReminder */,
				BF4FD23A2DE12E2B001FE17B /* WEDERReminderTests */,
				BF4FD2442DE12E2B001FE17B /* WEDERReminderUITests */,
				BF4FD2292DE12E28001FE17B /* Products */,
			);
			sourceTree = "<group>";
		};
		BF4FD2292DE12E28001FE17B /* Products */ = {
			isa = PBXGroup;
			children = (
				BF4FD2282DE12E28001FE17B /* WEDERReminder.app */,
				BF4FD2372DE12E2B001FE17B /* WEDERReminderTests.xctest */,
				BF4FD2412DE12E2B001FE17B /* WEDERReminderUITests.xctest */,
			);
			name = Products;
			sourceTree = "<group>";
		};
/* End PBXGroup section */

/* Begin PBXNativeTarget section */
		BF4FD2272DE12E28001FE17B /* WEDERReminder */ = {
			isa = PBXNativeTarget;
			buildConfigurationList = BF4FD24B2DE12E2B001FE17B /* Build configuration list for PBXNativeTarget "WEDERReminder" */;
			buildPhases = (
				BF4FD2242DE12E28001FE17B /* Sources */,
				BF4FD2252DE12E28001FE17B /* Frameworks */,
				BF4FD2262DE12E28001FE17B /* Resources */,
			);
			buildRules = (
			);
			dependencies = (
			);
			fileSystemSynchronizedGroups = (
				BF4FD22A2DE12E28001FE17B /* WEDERReminder */,
			);
			name = WEDERReminder;
			packageProductDependencies = (
			);
			productName = WEDERReminder;
			productReference = BF4FD2282DE12E28001FE17B /* WEDERReminder.app */;
			productType = "com.apple.product-type.application";
		};
		BF4FD2362DE12E2B001FE17B /* WEDERReminderTests */ = {
			isa = PBXNativeTarget;
			buildConfigurationList = BF4FD24E2DE12E2B001FE17B /* Build configuration list for PBXNativeTarget "WEDERReminderTests" */;
			buildPhases = (
				BF4FD2332DE12E2B001FE17B /* Sources */,
				BF4FD2342DE12E2B001FE17B /* Frameworks */,
				BF4FD2352DE12E2B001FE17B /* Resources */,
			);
			buildRules = (
			);
			dependencies = (
				BF4FD2392DE12E2B001FE17B /* PBXTargetDependency */,
			);
			fileSystemSynchronizedGroups = (
				BF4FD23A2DE12E2B001FE17B /* WEDERReminderTests */,
			);
			name = WEDERReminderTests;
			packageProductDependencies = (
			);
			productName = WEDERReminderTests;
			productReference = BF4FD2372DE12E2B001FE17B /* WEDERReminderTests.xctest */;
			productType = "com.apple.product-type.bundle.unit-test";
		};
		BF4FD2402DE12E2B001FE17B /* WEDERReminderUITests */ = {
			isa = PBXNativeTarget;
			buildConfigurationList = BF4FD2512DE12E2B001FE17B /* Build configuration list for PBXNativeTarget "WEDERReminderUITests" */;
			buildPhases = (
				BF4FD23D2DE12E2B001FE17B /* Sources */,
				BF4FD23E2DE12E2B001FE17B /* Frameworks */,
				BF4FD23F2DE12E2B001FE17B /* Resources */,
			);
			buildRules = (
			);
			dependencies = (
				BF4FD2432DE12E2B001FE17B /* PBXTargetDependency */,
			);
			fileSystemSynchronizedGroups = (
				BF4FD2442DE12E2B001FE17B /* WEDERReminderUITests */,
			);
			name = WEDERReminderUITests;
			packageProductDependencies = (
			);
			productName = WEDERReminderUITests;
			productReference = BF4FD2412DE12E2B001FE17B /* WEDERReminderUITests.xctest */;
			productType = "com.apple.product-type.bundle.ui-testing";
		};
/* End PBXNativeTarget section */

/* Begin PBXProject section */
		BF4FD2202DE12E28001FE17B /* Project object */ = {
			isa = PBXProject;
			attributes = {
				BuildIndependentTargetsInParallel = 1;
				LastSwiftUpdateCheck = 1630;
				LastUpgradeCheck = 1630;
				TargetAttributes = {
					BF4FD2272DE12E28001FE17B = {
						CreatedOnToolsVersion = 16.3;
					};
					BF4FD2362DE12E2B001FE17B = {
						CreatedOnToolsVersion = 16.3;
						TestTargetID = BF4FD2272DE12E28001FE17B;
					};
					BF4FD2402DE12E2B001FE17B = {
						CreatedOnToolsVersion = 16.3;
						TestTargetID = BF4FD2272DE12E28001FE17B;
					};
				};
			};
			buildConfigurationList = BF4FD2232DE12E28001FE17B /* Build configuration list for PBXProject "WEDERReminder" */;
			developmentRegion = en;
			hasScannedForEncodings = 0;
			knownRegions = (
				en,
				Base,
			);
			mainGroup = BF4FD21F2DE12E28001FE17B;
			minimizedProjectReferenceProxies = 1;
			preferredProjectObjectVersion = 77;
			productRefGroup = BF4FD2292DE12E28001FE17B /* Products */;
			projectDirPath = "";
			projectRoot = "";
			targets = (
				BF4FD2272DE12E28001FE17B /* WEDERReminder */,
				BF4FD2362DE12E2B001FE17B /* WEDERReminderTests */,
				BF4FD2402DE12E2B001FE17B /* WEDERReminderUITests */,
			);
		};
/* End PBXProject section */

/* Begin PBXResourcesBuildPhase section */
		BF4FD2262DE12E28001FE17B /* Resources */ = {
			isa = PBXResourcesBuildPhase;
			buildActionMask = 2147483647;
			files = (
			);
			runOnlyForDeploymentPostprocessing = 0;
		};
		BF4FD2352DE12E2B001FE17B /* Resources */ = {
			isa = PBXResourcesBuildPhase;
			buildActionMask = 2147483647;
			files = (
			);
			runOnlyForDeploymentPostprocessing = 0;
		};
		BF4FD23F2DE12E2B001FE17B /* Resources */ = {
			isa = PBXResourcesBuildPhase;
			buildActionMask = 2147483647;
			files = (
			);
			runOnlyForDeploymentPostprocessing = 0;
		};
/* End PBXResourcesBuildPhase section */

/* Begin PBXSourcesBuildPhase section */
		BF4FD2242DE12E28001FE17B /* Sources */ = {
			isa = PBXSourcesBuildPhase;
			buildActionMask = 2147483647;
			files = (
			);
			runOnlyForDeploymentPostprocessing = 0;
		};
		BF4FD2332DE12E2B001FE17B /* Sources */ = {
			isa = PBXSourcesBuildPhase;
			buildActionMask = 2147483647;
			files = (
			);
			runOnlyForDeploymentPostprocessing = 0;
		};
		BF4FD23D2DE12E2B001FE17B /* Sources */ = {
			isa = PBXSourcesBuildPhase;
			buildActionMask = 2147483647;
			files = (
			);
			runOnlyForDeploymentPostprocessing = 0;
		};
/* End PBXSourcesBuildPhase section */

/* Begin PBXTargetDependency section */
		BF4FD2392DE12E2B001FE17B /* PBXTargetDependency */ = {
			isa = PBXTargetDependency;
			target = BF4FD2272DE12E28001FE17B /* WEDERReminder */;
			targetProxy = BF4FD2382DE12E2B001FE17B /* PBXContainerItemProxy */;
		};
		BF4FD2432DE12E2B001FE17B /* PBXTargetDependency */ = {
			isa = PBXTargetDependency;
			target = BF4FD2272DE12E28001FE17B /* WEDERReminder */;
			targetProxy = BF4FD2422DE12E2B001FE17B /* PBXContainerItemProxy */;
		};
/* End PBXTargetDependency section */

/* Begin XCBuildConfiguration section */
		BF4FD2492DE12E2B001FE17B /* Debug */ = {
			isa = XCBuildConfiguration;
			buildSettings = {
				ALWAYS_SEARCH_USER_PATHS = NO;
				ASSETCATALOG_COMPILER_GENERATE_SWIFT_ASSET_SYMBOL_EXTENSIONS = YES;
				CLANG_ANALYZER_NONNULL = YES;
				CLANG_ANALYZER_NUMBER_OBJECT_CONVERSION = YES_AGGRESSIVE;
				CLANG_CXX_LANGUAGE_STANDARD = "gnu++20";
				CLANG_ENABLE_MODULES = YES;
				CLANG_ENABLE_OBJC_ARC = YES;
				CLANG_ENABLE_OBJC_WEAK = YES;
				CLANG_WARN_BLOCK_CAPTURE_AUTORELEASING = YES;
				CLANG_WARN_BOOL_CONVERSION = YES;
				CLANG_WARN_COMMA = YES;
				CLANG_WARN_CONSTANT_CONVERSION = YES;
				CLANG_WARN_DEPRECATED_OBJC_IMPLEMENTATIONS = YES;
				CLANG_WARN_DIRECT_OBJC_ISA_USAGE = YES_ERROR;
				CLANG_WARN_DOCUMENTATION_COMMENTS = YES;
				CLANG_WARN_EMPTY_BODY = YES;
				CLANG_WARN_ENUM_CONVERSION = YES;
				CLANG_WARN_INFINITE_RECURSION = YES;
				CLANG_WARN_INT_CONVERSION = YES;
				CLANG_WARN_NON_LITERAL_NULL_CONVERSION = YES;
				CLANG_WARN_OBJC_IMPLICIT_RETAIN_SELF = YES;
				CLANG_WARN_OBJC_LITERAL_CONVERSION = YES;
				CLANG_WARN_OBJC_ROOT_CLASS = YES_ERROR;
				CLANG_WARN_QUOTED_INCLUDE_IN_FRAMEWORK_HEADER = YES;
				CLANG_WARN_RANGE_LOOP_ANALYSIS = YES;
				CLANG_WARN_STRICT_PROTOTYPES = YES;
				CLANG_WARN_SUSPICIOUS_MOVE = YES;
				CLANG_WARN_UNGUARDED_AVAILABILITY = YES_AGGRESSIVE;
				CLANG_WARN_UNREACHABLE_CODE = YES;
				CLANG_WARN__DUPLICATE_METHOD_MATCH = YES;
				COPY_PHASE_STRIP = NO;
				DEBUG_INFORMATION_FORMAT = dwarf;
				DEVELOPMENT_TEAM = L2U5X24C84;
				ENABLE_STRICT_OBJC_MSGSEND = YES;
				ENABLE_TESTABILITY = YES;
				ENABLE_USER_SCRIPT_SANDBOXING = YES;
				GCC_C_LANGUAGE_STANDARD = gnu17;
				GCC_DYNAMIC_NO_PIC = NO;
				GCC_NO_COMMON_BLOCKS = YES;
				GCC_OPTIMIZATION_LEVEL = 0;
				GCC_PREPROCESSOR_DEFINITIONS = (
					"DEBUG=1",
					"$(inherited)",
				);
				GCC_WARN_64_TO_32_BIT_CONVERSION = YES;
				GCC_WARN_ABOUT_RETURN_TYPE = YES_ERROR;
				GCC_WARN_UNDECLARED_SELECTOR = YES;
				GCC_WARN_UNINITIALIZED_AUTOS = YES_AGGRESSIVE;
				GCC_WARN_UNUSED_FUNCTION = YES;
				GCC_WARN_UNUSED_VARIABLE = YES;
				IPHONEOS_DEPLOYMENT_TARGET = 18.4;
				LOCALIZATION_PREFERS_STRING_CATALOGS = YES;
				MTL_ENABLE_DEBUG_INFO = INCLUDE_SOURCE;
				MTL_FAST_MATH = YES;
				ONLY_ACTIVE_ARCH = YES;
				SDKROOT = iphoneos;
				SWIFT_ACTIVE_COMPILATION_CONDITIONS = "DEBUG $(inherited)";
				SWIFT_OPTIMIZATION_LEVEL = "-Onone";
			};
			name = Debug;
		};
		BF4FD24A2DE12E2B001FE17B /* Release */ = {
			isa = XCBuildConfiguration;
			buildSettings = {
				ALWAYS_SEARCH_USER_PATHS = NO;
				ASSETCATALOG_COMPILER_GENERATE_SWIFT_ASSET_SYMBOL_EXTENSIONS = YES;
				CLANG_ANALYZER_NONNULL = YES;
				CLANG_ANALYZER_NUMBER_OBJECT_CONVERSION = YES_AGGRESSIVE;
				CLANG_CXX_LANGUAGE_STANDARD = "gnu++20";
				CLANG_ENABLE_MODULES = YES;
				CLANG_ENABLE_OBJC_ARC = YES;
				CLANG_ENABLE_OBJC_WEAK = YES;
				CLANG_WARN_BLOCK_CAPTURE_AUTORELEASING = YES;
				CLANG_WARN_BOOL_CONVERSION = YES;
				CLANG_WARN_COMMA = YES;
				CLANG_WARN_CONSTANT_CONVERSION = YES;
				CLANG_WARN_DEPRECATED_OBJC_IMPLEMENTATIONS = YES;
				CLANG_WARN_DIRECT_OBJC_ISA_USAGE = YES_ERROR;
				CLANG_WARN_DOCUMENTATION_COMMENTS = YES;
				CLANG_WARN_EMPTY_BODY = YES;
				CLANG_WARN_ENUM_CONVERSION = YES;
				CLANG_WARN_INFINITE_RECURSION = YES;
				CLANG_WARN_INT_CONVERSION = YES;
				CLANG_WARN_NON_LITERAL_NULL_CONVERSION = YES;
				CLANG_WARN_OBJC_IMPLICIT_RETAIN_SELF = YES;
				CLANG_WARN_OBJC_LITERAL_CONVERSION = YES;
				CLANG_WARN_OBJC_ROOT_CLASS = YES_ERROR;
				CLANG_WARN_QUOTED_INCLUDE_IN_FRAMEWORK_HEADER = YES;
				CLANG_WARN_RANGE_LOOP_ANALYSIS = YES;
				CLANG_WARN_STRICT_PROTOTYPES = YES;
				CLANG_WARN_SUSPICIOUS_MOVE = YES;
				CLANG_WARN_UNGUARDED_AVAILABILITY = YES_AGGRESSIVE;
				CLANG_WARN_UNREACHABLE_CODE = YES;
				CLANG_WARN__DUPLICATE_METHOD_MATCH = YES;
				COPY_PHASE_STRIP = NO;
				DEBUG_INFORMATION_FORMAT = "dwarf-with-dsym";
				DEVELOPMENT_TEAM = L2U5X24C84;
				ENABLE_NS_ASSERTIONS = NO;
				ENABLE_STRICT_OBJC_MSGSEND = YES;
				ENABLE_USER_SCRIPT_SANDBOXING = YES;
				GCC_C_LANGUAGE_STANDARD = gnu17;
				GCC_NO_COMMON_BLOCKS = YES;
				GCC_WARN_64_TO_32_BIT_CONVERSION = YES;
				GCC_WARN_ABOUT_RETURN_TYPE = YES_ERROR;
				GCC_WARN_UNDECLARED_SELECTOR = YES;
				GCC_WARN_UNINITIALIZED_AUTOS = YES_AGGRESSIVE;
				GCC_WARN_UNUSED_FUNCTION = YES;
				GCC_WARN_UNUSED_VARIABLE = YES;
				IPHONEOS_DEPLOYMENT_TARGET = 18.4;
				LOCALIZATION_PREFERS_STRING_CATALOGS = YES;
				MTL_ENABLE_DEBUG_INFO = NO;
				MTL_FAST_MATH = YES;
				SDKROOT = iphoneos;
				SWIFT_COMPILATION_MODE = wholemodule;
				VALIDATE_PRODUCT = YES;
			};
			name = Release;
		};
		BF4FD24C2DE12E2B001FE17B /* Debug */ = {
			isa = XCBuildConfiguration;
			buildSettings = {
				ASSETCATALOG_COMPILER_APPICON_NAME = AppIcon;
				ASSETCATALOG_COMPILER_GLOBAL_ACCENT_COLOR_NAME = AccentColor;
				CODE_SIGN_STYLE = Automatic;
				CURRENT_PROJECT_VERSION = 1;
				DEVELOPMENT_TEAM = L2U5X24C84;
				ENABLE_PREVIEWS = YES;
				GENERATE_INFOPLIST_FILE = YES;
				INFOPLIST_KEY_UIApplicationSceneManifest_Generation = YES;
				INFOPLIST_KEY_UIApplicationSupportsIndirectInputEvents = YES;
				INFOPLIST_KEY_UILaunchScreen_Generation = YES;
				INFOPLIST_KEY_UISupportedInterfaceOrientations_iPad = "UIInterfaceOrientationPortrait UIInterfaceOrientationPortraitUpsideDown UIInterfaceOrientationLandscapeLeft UIInterfaceOrientationLandscapeRight";
				INFOPLIST_KEY_UISupportedInterfaceOrientations_iPhone = "UIInterfaceOrientationPortrait UIInterfaceOrientationLandscapeLeft UIInterfaceOrientationLandscapeRight";
				LD_RUNPATH_SEARCH_PATHS = (
					"$(inherited)",
					"@executable_path/Frameworks",
				);
				MARKETING_VERSION = 1.0;
				PRODUCT_BUNDLE_IDENTIFIER = WEDER.WEDERReminder;
				PRODUCT_NAME = "$(TARGET_NAME)";
				SWIFT_EMIT_LOC_STRINGS = YES;
				SWIFT_VERSION = 5.0;
				TARGETED_DEVICE_FAMILY = "1,2";
			};
			name = Debug;
		};
		BF4FD24D2DE12E2B001FE17B /* Release */ = {
			isa = XCBuildConfiguration;
			buildSettings = {
				ASSETCATALOG_COMPILER_APPICON_NAME = AppIcon;
				ASSETCATALOG_COMPILER_GLOBAL_ACCENT_COLOR_NAME = AccentColor;
				CODE_SIGN_STYLE = Automatic;
				CURRENT_PROJECT_VERSION = 1;
				DEVELOPMENT_TEAM = L2U5X24C84;
				ENABLE_PREVIEWS = YES;
				GENERATE_INFOPLIST_FILE = YES;
				INFOPLIST_KEY_UIApplicationSceneManifest_Generation = YES;
				INFOPLIST_KEY_UIApplicationSupportsIndirectInputEvents = YES;
				INFOPLIST_KEY_UILaunchScreen_Generation = YES;
				INFOPLIST_KEY_UISupportedInterfaceOrientations_iPad = "UIInterfaceOrientationPortrait UIInterfaceOrientationPortraitUpsideDown UIInterfaceOrientationLandscapeLeft UIInterfaceOrientationLandscapeRight";
				INFOPLIST_KEY_UISupportedInterfaceOrientations_iPhone = "UIInterfaceOrientationPortrait UIInterfaceOrientationLandscapeLeft UIInterfaceOrientationLandscapeRight";
				LD_RUNPATH_SEARCH_PATHS = (
					"$(inherited)",
					"@executable_path/Frameworks",
				);
				MARKETING_VERSION = 1.0;
				PRODUCT_BUNDLE_IDENTIFIER = WEDER.WEDERReminder;
				PRODUCT_NAME = "$(TARGET_NAME)";
				SWIFT_EMIT_LOC_STRINGS = YES;
				SWIFT_VERSION = 5.0;
				TARGETED_DEVICE_FAMILY = "1,2";
			};
			name = Release;
		};
		BF4FD24F2DE12E2B001FE17B /* Debug */ = {
			isa = XCBuildConfiguration;
			buildSettings = {
				BUNDLE_LOADER = "$(TEST_HOST)";
				CODE_SIGN_STYLE = Automatic;
				CURRENT_PROJECT_VERSION = 1;
				DEVELOPMENT_TEAM = L2U5X24C84;
				GENERATE_INFOPLIST_FILE = YES;
				IPHONEOS_DEPLOYMENT_TARGET = 18.4;
				MARKETING_VERSION = 1.0;
				PRODUCT_BUNDLE_IDENTIFIER = WEDER.WEDERReminderTests;
				PRODUCT_NAME = "$(TARGET_NAME)";
				SWIFT_EMIT_LOC_STRINGS = NO;
				SWIFT_VERSION = 5.0;
				TARGETED_DEVICE_FAMILY = "1,2";
				TEST_HOST = "$(BUILT_PRODUCTS_DIR)/WEDERReminder.app/$(BUNDLE_EXECUTABLE_FOLDER_PATH)/WEDERReminder";
			};
			name = Debug;
		};
		BF4FD2502DE12E2B001FE17B /* Release */ = {
			isa = XCBuildConfiguration;
			buildSettings = {
				BUNDLE_LOADER = "$(TEST_HOST)";
				CODE_SIGN_STYLE = Automatic;
				CURRENT_PROJECT_VERSION = 1;
				DEVELOPMENT_TEAM = L2U5X24C84;
				GENERATE_INFOPLIST_FILE = YES;
				IPHONEOS_DEPLOYMENT_TARGET = 18.4;
				MARKETING_VERSION = 1.0;
				PRODUCT_BUNDLE_IDENTIFIER = WEDER.WEDERReminderTests;
				PRODUCT_NAME = "$(TARGET_NAME)";
				SWIFT_EMIT_LOC_STRINGS = NO;
				SWIFT_VERSION = 5.0;
				TARGETED_DEVICE_FAMILY = "1,2";
				TEST_HOST = "$(BUILT_PRODUCTS_DIR)/WEDERReminder.app/$(BUNDLE_EXECUTABLE_FOLDER_PATH)/WEDERReminder";
			};
			name = Release;
		};
		BF4FD2522DE12E2B001FE17B /* Debug */ = {
			isa = XCBuildConfiguration;
			buildSettings = {
				CODE_SIGN_STYLE = Automatic;
				CURRENT_PROJECT_VERSION = 1;
				DEVELOPMENT_TEAM = L2U5X24C84;
				GENERATE_INFOPLIST_FILE = YES;
				MARKETING_VERSION = 1.0;
				PRODUCT_BUNDLE_IDENTIFIER = WEDER.WEDERReminderUITests;
				PRODUCT_NAME = "$(TARGET_NAME)";
				SWIFT_EMIT_LOC_STRINGS = NO;
				SWIFT_VERSION = 5.0;
				TARGETED_DEVICE_FAMILY = "1,2";
				TEST_TARGET_NAME = WEDERReminder;
			};
			name = Debug;
		};
		BF4FD2532DE12E2B001FE17B /* Release */ = {
			isa = XCBuildConfiguration;
			buildSettings = {
				CODE_SIGN_STYLE = Automatic;
				CURRENT_PROJECT_VERSION = 1;
				DEVELOPMENT_TEAM = L2U5X24C84;
				GENERATE_INFOPLIST_FILE = YES;
				MARKETING_VERSION = 1.0;
				PRODUCT_BUNDLE_IDENTIFIER = WEDER.WEDERReminderUITests;
				PRODUCT_NAME = "$(TARGET_NAME)";
				SWIFT_EMIT_LOC_STRINGS = NO;
				SWIFT_VERSION = 5.0;
				TARGETED_DEVICE_FAMILY = "1,2";
				TEST_TARGET_NAME = WEDERReminder;
			};
			name = Release;
		};
/* End XCBuildConfiguration section */

/* Begin XCConfigurationList section */
		BF4FD2232DE12E28001FE17B /* Build configuration list for PBXProject "WEDERReminder" */ = {
			isa = XCConfigurationList;
			buildConfigurations = (
				BF4FD2492DE12E2B001FE17B /* Debug */,
				BF4FD24A2DE12E2B001FE17B /* Release */,
			);
			defaultConfigurationIsVisible = 0;
			defaultConfigurationName = Release;
		};
		BF4FD24B2DE12E2B001FE17B /* Build configuration list for PBXNativeTarget "WEDERReminder" */ = {
			isa = XCConfigurationList;
			buildConfigurations = (
				BF4FD24C2DE12E2B001FE17B /* Debug */,
				BF4FD24D2DE12E2B001FE17B /* Release */,
			);
			defaultConfigurationIsVisible = 0;
			defaultConfigurationName = Release;
		};
		BF4FD24E2DE12E2B001FE17B /* Build configuration list for PBXNativeTarget "WEDERReminderTests" */ = {
			isa = XCConfigurationList;
			buildConfigurations = (
				BF4FD24F2DE12E2B001FE17B /* Debug */,
				BF4FD2502DE12E2B001FE17B /* Release */,
			);
			defaultConfigurationIsVisible = 0;
			defaultConfigurationName = Release;
		};
		BF4FD2512DE12E2B001FE17B /* Build configuration list for PBXNativeTarget "WEDERReminderUITests" */ = {
			isa = XCConfigurationList;
			buildConfigurations = (
				BF4FD2522DE12E2B001FE17B /* Debug */,
				BF4FD2532DE12E2B001FE17B /* Release */,
			);
			defaultConfigurationIsVisible = 0;
			defaultConfigurationName = Release;
		};
/* End XCConfigurationList section */
	};
	rootObject = BF4FD2202DE12E28001FE17B /* Project object */;
}
